Microsoft Visual Studio Solution File, Format Version 12.00
# Visual Studio 2012
Project("{FAE04EC0-301F-11D3-BF4B-00C04F79EFBC}") = "Seize The Time", "Seize The Time.csproj", "{6B66CC42-09A1-4D58-8307-8FDB3EB3D6CC}"
EndProject
Global
	GlobalSection(SolutionConfigurationPlatforms) = preSolution
	Debug|Any CPU = Debug|Any CPU
	ExportDebug|Any CPU = ExportDebug|Any CPU
	ExportRelease|Any CPU = ExportRelease|Any CPU
	EndGlobalSection
	GlobalSection(ProjectConfigurationPlatforms) = postSolution
		{6B66CC42-09A1-4D58-8307-8FDB3EB3D6CC}.Debug|Any CPU.ActiveCfg = Debug|Any CPU
		{6B66CC42-09A1-4D58-8307-8FDB3EB3D6CC}.Debug|Any CPU.Build.0 = Debug|Any CPU
		{6B66CC42-09A1-4D58-8307-8FDB3EB3D6CC}.ExportDebug|Any CPU.ActiveCfg = ExportDebug|Any CPU
		{6B66CC42-09A1-4D58-8307-8FDB3EB3D6CC}.ExportDebug|Any CPU.Build.0 = ExportDebug|Any CPU
		{6B66CC42-09A1-4D58-8307-8FDB3EB3D6CC}.ExportRelease|Any CPU.ActiveCfg = ExportRelease|Any CPU
		{6B66CC42-09A1-4D58-8307-8FDB3EB3D6CC}.ExportRelease|Any CPU.Build.0 = ExportRelease|Any CPU
	EndGlobalSection
EndGlobal
